
Microsoft Visual Studio Solution File, Format Version 12.00
# Visual Studio 15
VisualStudioVersion = 15.0.28010.2041
MinimumVisualStudioVersion = 10.0.40219.1
Project("{FAE04EC0-301F-11D3-BF4B-00C04F79EFBC}") = "MAIN", "MAIN\MAIN.csproj", "{DBA2E729-2D67-46C6-A4CA-9F307CA94680}"
	ProjectSection(ProjectDependencies) = postProject
		{32F6F7B4-31BC-4891-9F7D-F2DEDC145F42} = {32F6F7B4-31BC-4891-9F7D-F2DEDC145F42}
		{DEACD9FC-7E3B-4A5E-B95C-DF2390458E22} = {DEACD9FC-7E3B-4A5E-B95C-DF2390458E22}
	EndProjectSection
EndProject
Project("{8BC9CEB8-8B4A-11D0-8D11-00A0C91BC942}") = "DLL_ASM", "DLL_ASM\MasmLib.vcxproj", "{DEACD9FC-7E3B-4A5E-B95C-DF2390458E22}"
EndProject
Project("{FAE04EC0-301F-11D3-BF4B-00C04F79EFBC}") = "Statystyk", "Statystyk\Statystyk.csproj", "{2CA0012B-167B-41D3-80D5-DFD04DB7F9F3}"
	ProjectSection(ProjectDependencies) = postProject
		{32F6F7B4-31BC-4891-9F7D-F2DEDC145F42} = {32F6F7B4-31BC-4891-9F7D-F2DEDC145F42}
		{DEACD9FC-7E3B-4A5E-B95C-DF2390458E22} = {DEACD9FC-7E3B-4A5E-B95C-DF2390458E22}
	EndProjectSection
EndProject
Project("{8BC9CEB8-8B4A-11D0-8D11-00A0C91BC942}") = "DLL_C", "DLL_C\Biblioteka cpp.vcxproj", "{32F6F7B4-31BC-4891-9F7D-F2DEDC145F42}"
EndProject
Global
	GlobalSection(SolutionConfigurationPlatforms) = preSolution
		Debug|Any CPU = Debug|Any CPU
		Debug|x64 = Debug|x64
		Debug|x86 = Debug|x86
		Release|Any CPU = Release|Any CPU
		Release|x64 = Release|x64
		Release|x86 = Release|x86
	EndGlobalSection
	GlobalSection(ProjectConfigurationPlatforms) = postSolution
		{DBA2E729-2D67-46C6-A4CA-9F307CA94680}.Debug|Any CPU.ActiveCfg = Debug|Any CPU
		{DBA2E729-2D67-46C6-A4CA-9F307CA94680}.Debug|Any CPU.Build.0 = Debug|Any CPU
		{DBA2E729-2D67-46C6-A4CA-9F307CA94680}.Debug|x64.ActiveCfg = Debug|Any CPU
		{DBA2E729-2D67-46C6-A4CA-9F307CA94680}.Debug|x64.Build.0 = Debug|Any CPU
		{DBA2E729-2D67-46C6-A4CA-9F307CA94680}.Debug|x86.ActiveCfg = Debug|Any CPU
		{DBA2E729-2D67-46C6-A4CA-9F307CA94680}.Debug|x86.Build.0 = Debug|Any CPU
		{DBA2E729-2D67-46C6-A4CA-9F307CA94680}.Release|Any CPU.ActiveCfg = Release|Any CPU
		{DBA2E729-2D67-46C6-A4CA-9F307CA94680}.Release|Any CPU.Build.0 = Release|Any CPU
		{DBA2E729-2D67-46C6-A4CA-9F307CA94680}.Release|x64.ActiveCfg = Release|Any CPU
		{DBA2E729-2D67-46C6-A4CA-9F307CA94680}.Release|x64.Build.0 = Release|Any CPU
		{DBA2E729-2D67-46C6-A4CA-9F307CA94680}.Release|x86.ActiveCfg = Release|Any CPU
		{DBA2E729-2D67-46C6-A4CA-9F307CA94680}.Release|x86.Build.0 = Release|Any CPU
		{DEACD9FC-7E3B-4A5E-B95C-DF2390458E22}.Debug|Any CPU.ActiveCfg = Debug|Win32
		{DEACD9FC-7E3B-4A5E-B95C-DF2390458E22}.Debug|x64.ActiveCfg = Debug|x64
		{DEACD9FC-7E3B-4A5E-B95C-DF2390458E22}.Debug|x64.Build.0 = Debug|x64
		{DEACD9FC-7E3B-4A5E-B95C-DF2390458E22}.Debug|x86.ActiveCfg = Debug|Win32
		{DEACD9FC-7E3B-4A5E-B95C-DF2390458E22}.Debug|x86.Build.0 = Debug|Win32
		{DEACD9FC-7E3B-4A5E-B95C-DF2390458E22}.Release|Any CPU.ActiveCfg = Release|Win32
		{DEACD9FC-7E3B-4A5E-B95C-DF2390458E22}.Release|x64.ActiveCfg = Release|x64
		{DEACD9FC-7E3B-4A5E-B95C-DF2390458E22}.Release|x64.Build.0 = Release|x64
		{DEACD9FC-7E3B-4A5E-B95C-DF2390458E22}.Release|x86.ActiveCfg = Release|Win32
		{DEACD9FC-7E3B-4A5E-B95C-DF2390458E22}.Release|x86.Build.0 = Release|Win32
		{2CA0012B-167B-41D3-80D5-DFD04DB7F9F3}.Debug|Any CPU.ActiveCfg = Debug|Any CPU
		{2CA0012B-167B-41D3-80D5-DFD04DB7F9F3}.Debug|Any CPU.Build.0 = Debug|Any CPU
		{2CA0012B-167B-41D3-80D5-DFD04DB7F9F3}.Debug|x64.ActiveCfg = Debug|Any CPU
		{2CA0012B-167B-41D3-80D5-DFD04DB7F9F3}.Debug|x64.Build.0 = Debug|Any CPU
		{2CA0012B-167B-41D3-80D5-DFD04DB7F9F3}.Debug|x86.ActiveCfg = Debug|Any CPU
		{2CA0012B-167B-41D3-80D5-DFD04DB7F9F3}.Debug|x86.Build.0 = Debug|Any CPU
		{2CA0012B-167B-41D3-80D5-DFD04DB7F9F3}.Release|Any CPU.ActiveCfg = Release|Any CPU
		{2CA0012B-167B-41D3-80D5-DFD04DB7F9F3}.Release|Any CPU.Build.0 = Release|Any CPU
		{2CA0012B-167B-41D3-80D5-DFD04DB7F9F3}.Release|x64.ActiveCfg = Release|Any CPU
		{2CA0012B-167B-41D3-80D5-DFD04DB7F9F3}.Release|x64.Build.0 = Release|Any CPU
		{2CA0012B-167B-41D3-80D5-DFD04DB7F9F3}.Release|x86.ActiveCfg = Release|Any CPU
		{2CA0012B-167B-41D3-80D5-DFD04DB7F9F3}.Release|x86.Build.0 = Release|Any CPU
		{32F6F7B4-31BC-4891-9F7D-F2DEDC145F42}.Debug|Any CPU.ActiveCfg = Debug|Win32
		{32F6F7B4-31BC-4891-9F7D-F2DEDC145F42}.Debug|x64.ActiveCfg = Debug|x64
		{32F6F7B4-31BC-4891-9F7D-F2DEDC145F42}.Debug|x64.Build.0 = Debug|x64
		{32F6F7B4-31BC-4891-9F7D-F2DEDC145F42}.Debug|x86.ActiveCfg = Debug|Win32
		{32F6F7B4-31BC-4891-9F7D-F2DEDC145F42}.Debug|x86.Build.0 = Debug|Win32
		{32F6F7B4-31BC-4891-9F7D-F2DEDC145F42}.Release|Any CPU.ActiveCfg = Release|Win32
		{32F6F7B4-31BC-4891-9F7D-F2DEDC145F42}.Release|x64.ActiveCfg = Release|x64
		{32F6F7B4-31BC-4891-9F7D-F2DEDC145F42}.Release|x64.Build.0 = Release|x64
		{32F6F7B4-31BC-4891-9F7D-F2DEDC145F42}.Release|x86.ActiveCfg = Release|Win32
		{32F6F7B4-31BC-4891-9F7D-F2DEDC145F42}.Release|x86.Build.0 = Release|Win32
	EndGlobalSection
	GlobalSection(SolutionProperties) = preSolution
		HideSolutionNode = FALSE
	EndGlobalSection
	GlobalSection(ExtensibilityGlobals) = postSolution
		SolutionGuid = {E2C23247-97E4-4E51-AD60-A1ED31531B57}
	EndGlobalSection
EndGlobal
